
Microsoft Visual Studio Solution File, Format Version 12.00
# Visual Studio Version 16
VisualStudioVersion = 16.0.31025.194
MinimumVisualStudioVersion = 10.0.40219.1
Project("{FAE04EC0-301F-11D3-BF4B-00C04F79EFBC}") = "SensenbrennerHospital", "SensenbrennerHospital.csproj", "{602B8AE2-0207-42E7-B91C-B19A973F6DB0}"
EndProject
Global
	GlobalSection(SolutionConfigurationPlatforms) = preSolution
		Debug|Any CPU = Debug|Any CPU
		Release|Any CPU = Release|Any CPU
	EndGlobalSection
	GlobalSection(ProjectConfigurationPlatforms) = postSolution
		{602B8AE2-0207-42E7-B91C-B19A973F6DB0}.Debug|Any CPU.ActiveCfg = Debug|Any CPU
		{602B8AE2-0207-42E7-B91C-B19A973F6DB0}.Debug|Any CPU.Build.0 = Debug|Any CPU
		{602B8AE2-0207-42E7-B91C-B19A973F6DB0}.Release|Any CPU.ActiveCfg = Release|Any CPU
		{602B8AE2-0207-42E7-B91C-B19A973F6DB0}.Release|Any CPU.Build.0 = Release|Any CPU
	EndGlobalSection
	GlobalSection(SolutionProperties) = preSolution
		HideSolutionNode = FALSE
	EndGlobalSection
	GlobalSection(ExtensibilityGlobals) = postSolution
		SolutionGuid = {2A49072A-4C0F-428C-BB02-ABDBC944ABC5}
	EndGlobalSection
EndGlobal
